
Microsoft Visual Studio Solution File, Format Version 12.00
# Visual Studio Version 16
VisualStudioVersion = 16.0.30907.101
MinimumVisualStudioVersion = 10.0.40219.1
Project("{FAE04EC0-301F-11D3-BF4B-00C04F79EFBC}") = "Projeto", "Projeto\Projeto.csproj", "{C57FF1C0-DC4E-494D-BA73-115378734B7F}"
EndProject
Global
	GlobalSection(SolutionConfigurationPlatforms) = preSolution
		Debug|Any CPU = Debug|Any CPU
		Release|Any CPU = Release|Any CPU
	EndGlobalSection
	GlobalSection(ProjectConfigurationPlatforms) = postSolution
		{C57FF1C0-DC4E-494D-BA73-115378734B7F}.Debug|Any CPU.ActiveCfg = Debug|Any CPU
		{C57FF1C0-DC4E-494D-BA73-115378734B7F}.Debug|Any CPU.Build.0 = Debug|Any CPU
		{C57FF1C0-DC4E-494D-BA73-115378734B7F}.Release|Any CPU.ActiveCfg = Release|Any CPU
		{C57FF1C0-DC4E-494D-BA73-115378734B7F}.Release|Any CPU.Build.0 = Release|Any CPU
	EndGlobalSection
	GlobalSection(SolutionProperties) = preSolution
		HideSolutionNode = FALSE
	EndGlobalSection
	GlobalSection(ExtensibilityGlobals) = postSolution
		SolutionGuid = {B9CA7DE3-C130-400D-A8A6-24AA167E57C4}
	EndGlobalSection
EndGlobal
